{
    "ausi/slug-generator": {
        "version": "v1.1.0"
    },
    "doctrine/data-fixtures": {
        "version": "1.4.0"
    },
    "doctrine/doctrine-fixtures-bundle": {
        "version": "3.0",
        "recipe": {
            "repo": "github.com/symfony/recipes",
            "branch": "master",
            "version": "3.0",
            "ref": "fc52d86631a6dfd9fdf3381d0b7e3df2069e51b3"
        },
        "files": [
            "./src/DataFixtures/AppFixtures.php"
        ]
    },
    "fzaninotto/faker": {
        "version": "v1.9.1"
    },
    "php": {
        "version": "7.2"
    }
}
